
Microsoft Visual Studio Solution File, Format Version 12.00
# Visual Studio 15
VisualStudioVersion = 15.0.28010.2003
MinimumVisualStudioVersion = 10.0.40219.1
Project("{2150E333-8FDC-42A3-9474-1A3956D46DE8}") = "source", "source", "{0973B94E-8055-412F-8E22-310226D70719}"
EndProject
Project("{2150E333-8FDC-42A3-9474-1A3956D46DE8}") = "tests", "tests", "{365C2B3A-07F7-4118-8FB5-07644981CD41}"
EndProject
Project("{2150E333-8FDC-42A3-9474-1A3956D46DE8}") = ".git", ".git", "{40DCB483-D972-4DC6-BD60-ED809064CCD5}"
	ProjectSection(SolutionItems) = preProject
		.gitignore = .gitignore
		LICENSE.md = LICENSE.md
		README.md = README.md
	EndProjectSection
EndProject
Project("{9A19103F-16F7-4668-BE54-9A1E7A4F7556}") = "Assembly.Standard", "source\MeasuredAssembly\Assembly.Standard.csproj", "{FD23CEAF-2929-45C3-83DA-85FC3E2E5DBE}"
EndProject
Project("{9A19103F-16F7-4668-BE54-9A1E7A4F7556}") = "Assembly.Standard.Performance.Tests", "tests\Assembly.Standard.Performance.Tests\Assembly.Standard.Performance.Tests.csproj", "{EFD53E50-0353-4E61-8ACD-7F1E41B5BA91}"
EndProject
Project("{2150E333-8FDC-42A3-9474-1A3956D46DE8}") = "build", "build", "{CFC48CCE-58F5-40FA-B11B-FF262D6AF05B}"
	ProjectSection(SolutionItems) = preProject
		build\build.cake = build\build.cake
		build\build.ps1 = build\build.ps1
		build\build.sh = build\build.sh
	EndProjectSection
EndProject
Project("{2150E333-8FDC-42A3-9474-1A3956D46DE8}") = ".nuget", ".nuget", "{73255B5A-F029-4473-B68D-684E31EC66E9}"
	ProjectSection(SolutionItems) = preProject
		.nuget\nuget.config = .nuget\nuget.config
	EndProjectSection
EndProject
Global
	GlobalSection(SolutionConfigurationPlatforms) = preSolution
		Debug|Any CPU = Debug|Any CPU
		Release|Any CPU = Release|Any CPU
	EndGlobalSection
	GlobalSection(ProjectConfigurationPlatforms) = postSolution
		{FD23CEAF-2929-45C3-83DA-85FC3E2E5DBE}.Debug|Any CPU.ActiveCfg = Debug|Any CPU
		{FD23CEAF-2929-45C3-83DA-85FC3E2E5DBE}.Debug|Any CPU.Build.0 = Debug|Any CPU
		{FD23CEAF-2929-45C3-83DA-85FC3E2E5DBE}.Release|Any CPU.ActiveCfg = Release|Any CPU
		{FD23CEAF-2929-45C3-83DA-85FC3E2E5DBE}.Release|Any CPU.Build.0 = Release|Any CPU
		{EFD53E50-0353-4E61-8ACD-7F1E41B5BA91}.Debug|Any CPU.ActiveCfg = Debug|Any CPU
		{EFD53E50-0353-4E61-8ACD-7F1E41B5BA91}.Debug|Any CPU.Build.0 = Debug|Any CPU
		{EFD53E50-0353-4E61-8ACD-7F1E41B5BA91}.Release|Any CPU.ActiveCfg = Release|Any CPU
		{EFD53E50-0353-4E61-8ACD-7F1E41B5BA91}.Release|Any CPU.Build.0 = Release|Any CPU
	EndGlobalSection
	GlobalSection(SolutionProperties) = preSolution
		HideSolutionNode = FALSE
	EndGlobalSection
	GlobalSection(NestedProjects) = preSolution
		{FD23CEAF-2929-45C3-83DA-85FC3E2E5DBE} = {0973B94E-8055-412F-8E22-310226D70719}
		{EFD53E50-0353-4E61-8ACD-7F1E41B5BA91} = {365C2B3A-07F7-4118-8FB5-07644981CD41}
	EndGlobalSection
	GlobalSection(ExtensibilityGlobals) = postSolution
		SolutionGuid = {60678BCD-1417-4757-B3B2-26637A49ED5E}
	EndGlobalSection
EndGlobal
