
Microsoft Visual Studio Solution File, Format Version 12.00
# Visual Studio 15
VisualStudioVersion = 15.0.28010.2003
MinimumVisualStudioVersion = 10.0.40219.1
Project("{2150E333-8FDC-42A3-9474-1A3956D46DE8}") = "source", "source", "{0973B94E-8055-412F-8E22-310226D70719}"
EndProject
Project("{2150E333-8FDC-42A3-9474-1A3956D46DE8}") = "tests", "tests", "{365C2B3A-07F7-4118-8FB5-07644981CD41}"
EndProject
Project("{2150E333-8FDC-42A3-9474-1A3956D46DE8}") = ".git", ".git", "{40DCB483-D972-4DC6-BD60-ED809064CCD5}"
	ProjectSection(SolutionItems) = preProject
		.gitignore = .gitignore
		LICENSE.md = LICENSE.md
		README.md = README.md
	EndProjectSection
EndProject
Project("{2150E333-8FDC-42A3-9474-1A3956D46DE8}") = "build", "build", "{CFC48CCE-58F5-40FA-B11B-FF262D6AF05B}"
	ProjectSection(SolutionItems) = preProject
		build\build.cake = build\build.cake
		build\build.ps1 = build\build.ps1
		build\build.sh = build\build.sh
		build\cake.config = build\cake.config
		build\utilities.cake = build\utilities.cake
	EndProjectSection
EndProject
Project("{2150E333-8FDC-42A3-9474-1A3956D46DE8}") = ".nuget", ".nuget", "{73255B5A-F029-4473-B68D-684E31EC66E9}"
	ProjectSection(SolutionItems) = preProject
		.nuget\nuget.config = .nuget\nuget.config
	EndProjectSection
EndProject
Project("{9A19103F-16F7-4668-BE54-9A1E7A4F7556}") = "assembly", "source\assembly\assembly.csproj", "{F1CB8CCD-0F70-4616-871C-3F57492C1A7D}"
EndProject
Project("{9A19103F-16F7-4668-BE54-9A1E7A4F7556}") = "assembly.performance.tests", "tests\assembly.performance.tests\assembly.performance.tests.csproj", "{C59555F2-F714-43A2-BFB3-21664A922460}"
EndProject
Project("{9A19103F-16F7-4668-BE54-9A1E7A4F7556}") = "assembly.appdomain", "source\assembly.appdomain\assembly.appdomain.csproj", "{2F5F221F-A030-4416-9936-03CAAEE9C84C}"
EndProject
Project("{9A19103F-16F7-4668-BE54-9A1E7A4F7556}") = "assembly.performance.tests.utilities", "tests\performance.tests.utilities\assembly.performance.tests.utilities.csproj", "{F96CF4D8-09A8-4FDE-AC2F-6EF31EE1D387}"
EndProject
Global
	GlobalSection(SolutionConfigurationPlatforms) = preSolution
		Debug|Any CPU = Debug|Any CPU
		Release|Any CPU = Release|Any CPU
	EndGlobalSection
	GlobalSection(ProjectConfigurationPlatforms) = postSolution
		{F1CB8CCD-0F70-4616-871C-3F57492C1A7D}.Debug|Any CPU.ActiveCfg = Debug|Any CPU
		{F1CB8CCD-0F70-4616-871C-3F57492C1A7D}.Debug|Any CPU.Build.0 = Debug|Any CPU
		{F1CB8CCD-0F70-4616-871C-3F57492C1A7D}.Release|Any CPU.ActiveCfg = Release|Any CPU
		{F1CB8CCD-0F70-4616-871C-3F57492C1A7D}.Release|Any CPU.Build.0 = Release|Any CPU
		{C59555F2-F714-43A2-BFB3-21664A922460}.Debug|Any CPU.ActiveCfg = Debug|Any CPU
		{C59555F2-F714-43A2-BFB3-21664A922460}.Debug|Any CPU.Build.0 = Debug|Any CPU
		{C59555F2-F714-43A2-BFB3-21664A922460}.Release|Any CPU.ActiveCfg = Release|Any CPU
		{C59555F2-F714-43A2-BFB3-21664A922460}.Release|Any CPU.Build.0 = Release|Any CPU
		{2F5F221F-A030-4416-9936-03CAAEE9C84C}.Debug|Any CPU.ActiveCfg = Debug|Any CPU
		{2F5F221F-A030-4416-9936-03CAAEE9C84C}.Debug|Any CPU.Build.0 = Debug|Any CPU
		{2F5F221F-A030-4416-9936-03CAAEE9C84C}.Release|Any CPU.ActiveCfg = Release|Any CPU
		{2F5F221F-A030-4416-9936-03CAAEE9C84C}.Release|Any CPU.Build.0 = Release|Any CPU
		{F96CF4D8-09A8-4FDE-AC2F-6EF31EE1D387}.Debug|Any CPU.ActiveCfg = Debug|Any CPU
		{F96CF4D8-09A8-4FDE-AC2F-6EF31EE1D387}.Debug|Any CPU.Build.0 = Debug|Any CPU
		{F96CF4D8-09A8-4FDE-AC2F-6EF31EE1D387}.Release|Any CPU.ActiveCfg = Release|Any CPU
		{F96CF4D8-09A8-4FDE-AC2F-6EF31EE1D387}.Release|Any CPU.Build.0 = Release|Any CPU
	EndGlobalSection
	GlobalSection(SolutionProperties) = preSolution
		HideSolutionNode = FALSE
	EndGlobalSection
	GlobalSection(NestedProjects) = preSolution
		{F1CB8CCD-0F70-4616-871C-3F57492C1A7D} = {0973B94E-8055-412F-8E22-310226D70719}
		{C59555F2-F714-43A2-BFB3-21664A922460} = {365C2B3A-07F7-4118-8FB5-07644981CD41}
		{2F5F221F-A030-4416-9936-03CAAEE9C84C} = {0973B94E-8055-412F-8E22-310226D70719}
		{F96CF4D8-09A8-4FDE-AC2F-6EF31EE1D387} = {365C2B3A-07F7-4118-8FB5-07644981CD41}
	EndGlobalSection
	GlobalSection(ExtensibilityGlobals) = postSolution
		SolutionGuid = {60678BCD-1417-4757-B3B2-26637A49ED5E}
	EndGlobalSection
EndGlobal
